
Microsoft Visual Studio Solution File, Format Version 12.00
# Visual Studio Version 16
VisualStudioVersion = 16.0.30011.22
MinimumVisualStudioVersion = 10.0.40219.1
Project("{FAE04EC0-301F-11D3-BF4B-00C04F79EFBC}") = "TestCabInvoiceGenerator", "TestCabInvoiceGenerator.csproj", "{0BDD0E6F-447B-4F24-BF56-5229F6ACB29B}"
EndProject
Project("{FAE04EC0-301F-11D3-BF4B-00C04F79EFBC}") = "CabInvoiceGenerator", "..\CabInvoiceGenerator\CabInvoiceGenerator.csproj", "{6BF45D8C-0AE0-4C1C-BCF1-9E769E52E910}"
EndProject
Global
	GlobalSection(SolutionConfigurationPlatforms) = preSolution
		Debug|Any CPU = Debug|Any CPU
		Release|Any CPU = Release|Any CPU
	EndGlobalSection
	GlobalSection(ProjectConfigurationPlatforms) = postSolution
		{0BDD0E6F-447B-4F24-BF56-5229F6ACB29B}.Debug|Any CPU.ActiveCfg = Debug|Any CPU
		{0BDD0E6F-447B-4F24-BF56-5229F6ACB29B}.Debug|Any CPU.Build.0 = Debug|Any CPU
		{0BDD0E6F-447B-4F24-BF56-5229F6ACB29B}.Release|Any CPU.ActiveCfg = Release|Any CPU
		{0BDD0E6F-447B-4F24-BF56-5229F6ACB29B}.Release|Any CPU.Build.0 = Release|Any CPU
		{6BF45D8C-0AE0-4C1C-BCF1-9E769E52E910}.Debug|Any CPU.ActiveCfg = Debug|Any CPU
		{6BF45D8C-0AE0-4C1C-BCF1-9E769E52E910}.Debug|Any CPU.Build.0 = Debug|Any CPU
		{6BF45D8C-0AE0-4C1C-BCF1-9E769E52E910}.Release|Any CPU.ActiveCfg = Release|Any CPU
		{6BF45D8C-0AE0-4C1C-BCF1-9E769E52E910}.Release|Any CPU.Build.0 = Release|Any CPU
	EndGlobalSection
	GlobalSection(SolutionProperties) = preSolution
		HideSolutionNode = FALSE
	EndGlobalSection
	GlobalSection(ExtensibilityGlobals) = postSolution
		SolutionGuid = {82CBC55C-05E4-4BC2-BE88-E18278213686}
	EndGlobalSection
EndGlobal
